
Microsoft Visual Studio Solution File, Format Version 12.00
# Visual Studio Version 16
VisualStudioVersion = 16.0.31321.278
MinimumVisualStudioVersion = 10.0.40219.1
Project("{8BC9CEB8-8B4A-11D0-8D11-00A0C91BC942}") = "Even-numbers", "Even-numbers.vcxproj", "{FFC96AEC-1209-4097-B0AC-9DAB3F5080AA}"
EndProject
Global
	GlobalSection(SolutionConfigurationPlatforms) = preSolution
		Debug|x64 = Debug|x64
		Debug|x86 = Debug|x86
		Release|x64 = Release|x64
		Release|x86 = Release|x86
	EndGlobalSection
	GlobalSection(ProjectConfigurationPlatforms) = postSolution
		{FFC96AEC-1209-4097-B0AC-9DAB3F5080AA}.Debug|x64.ActiveCfg = Debug|x64
		{FFC96AEC-1209-4097-B0AC-9DAB3F5080AA}.Debug|x64.Build.0 = Debug|x64
		{FFC96AEC-1209-4097-B0AC-9DAB3F5080AA}.Debug|x86.ActiveCfg = Debug|Win32
		{FFC96AEC-1209-4097-B0AC-9DAB3F5080AA}.Debug|x86.Build.0 = Debug|Win32
		{FFC96AEC-1209-4097-B0AC-9DAB3F5080AA}.Release|x64.ActiveCfg = Release|x64
		{FFC96AEC-1209-4097-B0AC-9DAB3F5080AA}.Release|x64.Build.0 = Release|x64
		{FFC96AEC-1209-4097-B0AC-9DAB3F5080AA}.Release|x86.ActiveCfg = Release|Win32
		{FFC96AEC-1209-4097-B0AC-9DAB3F5080AA}.Release|x86.Build.0 = Release|Win32
	EndGlobalSection
	GlobalSection(SolutionProperties) = preSolution
		HideSolutionNode = FALSE
	EndGlobalSection
	GlobalSection(ExtensibilityGlobals) = postSolution
		SolutionGuid = {64F22C9F-0EE6-4732-A50C-93CF806388AE}
	EndGlobalSection
EndGlobal
